
Microsoft Visual Studio Solution File, Format Version 12.00
# Visual Studio Version 17
VisualStudioVersion = 17.0.31903.59
MinimumVisualStudioVersion = 10.0.40219.1
Project("{2150E333-8FDC-42A3-9474-1A3956D46DE8}") = "src", "src", "{827E0CD3-B72D-47B6-A68D-7590B98EB39B}"
EndProject
Project("{FAE04EC0-301F-11D3-BF4B-00C04F79EFBC}") = "Library.ApplicationCore", "src\Library.ApplicationCore\Library.ApplicationCore.csproj", "{8DB058A9-2E78-4517-AE00-2894ED9D39CA}"
EndProject
Project("{FAE04EC0-301F-11D3-BF4B-00C04F79EFBC}") = "Library.Console", "src\Library.Console\Library.Console.csproj", "{3BFA2946-FE6C-4CBF-ACDA-6F32759B823A}"
EndProject
Project("{FAE04EC0-301F-11D3-BF4B-00C04F79EFBC}") = "Library.Infrastructure", "src\Library.Infrastructure\Library.Infrastructure.csproj", "{B9029C17-4766-4FFF-B964-5BD0817F12FB}"
EndProject
Project("{2150E333-8FDC-42A3-9474-1A3956D46DE8}") = "tests", "tests", "{0AB3BF05-4346-4AA6-1389-037BE0695223}"
EndProject
Project("{FAE04EC0-301F-11D3-BF4B-00C04F79EFBC}") = "UnitTests", "tests\UnitTests\UnitTests.csproj", "{44CEE05F-7E7F-4806-98DA-07706384F8C2}"
EndProject
Global
	GlobalSection(SolutionConfigurationPlatforms) = preSolution
		Debug|Any CPU = Debug|Any CPU
		Debug|x64 = Debug|x64
		Debug|x86 = Debug|x86
		Release|Any CPU = Release|Any CPU
		Release|x64 = Release|x64
		Release|x86 = Release|x86
	EndGlobalSection
	GlobalSection(ProjectConfigurationPlatforms) = postSolution
		{8DB058A9-2E78-4517-AE00-2894ED9D39CA}.Debug|Any CPU.ActiveCfg = Debug|Any CPU
		{8DB058A9-2E78-4517-AE00-2894ED9D39CA}.Debug|Any CPU.Build.0 = Debug|Any CPU
		{8DB058A9-2E78-4517-AE00-2894ED9D39CA}.Debug|x64.ActiveCfg = Debug|Any CPU
		{8DB058A9-2E78-4517-AE00-2894ED9D39CA}.Debug|x64.Build.0 = Debug|Any CPU
		{8DB058A9-2E78-4517-AE00-2894ED9D39CA}.Debug|x86.ActiveCfg = Debug|Any CPU
		{8DB058A9-2E78-4517-AE00-2894ED9D39CA}.Debug|x86.Build.0 = Debug|Any CPU
		{8DB058A9-2E78-4517-AE00-2894ED9D39CA}.Release|Any CPU.ActiveCfg = Release|Any CPU
		{8DB058A9-2E78-4517-AE00-2894ED9D39CA}.Release|Any CPU.Build.0 = Release|Any CPU
		{8DB058A9-2E78-4517-AE00-2894ED9D39CA}.Release|x64.ActiveCfg = Release|Any CPU
		{8DB058A9-2E78-4517-AE00-2894ED9D39CA}.Release|x64.Build.0 = Release|Any CPU
		{8DB058A9-2E78-4517-AE00-2894ED9D39CA}.Release|x86.ActiveCfg = Release|Any CPU
		{8DB058A9-2E78-4517-AE00-2894ED9D39CA}.Release|x86.Build.0 = Release|Any CPU
		{3BFA2946-FE6C-4CBF-ACDA-6F32759B823A}.Debug|Any CPU.ActiveCfg = Debug|Any CPU
		{3BFA2946-FE6C-4CBF-ACDA-6F32759B823A}.Debug|Any CPU.Build.0 = Debug|Any CPU
		{3BFA2946-FE6C-4CBF-ACDA-6F32759B823A}.Debug|x64.ActiveCfg = Debug|Any CPU
		{3BFA2946-FE6C-4CBF-ACDA-6F32759B823A}.Debug|x64.Build.0 = Debug|Any CPU
		{3BFA2946-FE6C-4CBF-ACDA-6F32759B823A}.Debug|x86.ActiveCfg = Debug|Any CPU
		{3BFA2946-FE6C-4CBF-ACDA-6F32759B823A}.Debug|x86.Build.0 = Debug|Any CPU
		{3BFA2946-FE6C-4CBF-ACDA-6F32759B823A}.Release|Any CPU.ActiveCfg = Release|Any CPU
		{3BFA2946-FE6C-4CBF-ACDA-6F32759B823A}.Release|Any CPU.Build.0 = Release|Any CPU
		{3BFA2946-FE6C-4CBF-ACDA-6F32759B823A}.Release|x64.ActiveCfg = Release|Any CPU
		{3BFA2946-FE6C-4CBF-ACDA-6F32759B823A}.Release|x64.Build.0 = Release|Any CPU
		{3BFA2946-FE6C-4CBF-ACDA-6F32759B823A}.Release|x86.ActiveCfg = Release|Any CPU
		{3BFA2946-FE6C-4CBF-ACDA-6F32759B823A}.Release|x86.Build.0 = Release|Any CPU
		{B9029C17-4766-4FFF-B964-5BD0817F12FB}.Debug|Any CPU.ActiveCfg = Debug|Any CPU
		{B9029C17-4766-4FFF-B964-5BD0817F12FB}.Debug|Any CPU.Build.0 = Debug|Any CPU
		{B9029C17-4766-4FFF-B964-5BD0817F12FB}.Debug|x64.ActiveCfg = Debug|Any CPU
		{B9029C17-4766-4FFF-B964-5BD0817F12FB}.Debug|x64.Build.0 = Debug|Any CPU
		{B9029C17-4766-4FFF-B964-5BD0817F12FB}.Debug|x86.ActiveCfg = Debug|Any CPU
		{B9029C17-4766-4FFF-B964-5BD0817F12FB}.Debug|x86.Build.0 = Debug|Any CPU
		{B9029C17-4766-4FFF-B964-5BD0817F12FB}.Release|Any CPU.ActiveCfg = Release|Any CPU
		{B9029C17-4766-4FFF-B964-5BD0817F12FB}.Release|Any CPU.Build.0 = Release|Any CPU
		{B9029C17-4766-4FFF-B964-5BD0817F12FB}.Release|x64.ActiveCfg = Release|Any CPU
		{B9029C17-4766-4FFF-B964-5BD0817F12FB}.Release|x64.Build.0 = Release|Any CPU
		{B9029C17-4766-4FFF-B964-5BD0817F12FB}.Release|x86.ActiveCfg = Release|Any CPU
		{B9029C17-4766-4FFF-B964-5BD0817F12FB}.Release|x86.Build.0 = Release|Any CPU
		{44CEE05F-7E7F-4806-98DA-07706384F8C2}.Debug|Any CPU.ActiveCfg = Debug|Any CPU
		{44CEE05F-7E7F-4806-98DA-07706384F8C2}.Debug|Any CPU.Build.0 = Debug|Any CPU
		{44CEE05F-7E7F-4806-98DA-07706384F8C2}.Debug|x64.ActiveCfg = Debug|Any CPU
		{44CEE05F-7E7F-4806-98DA-07706384F8C2}.Debug|x64.Build.0 = Debug|Any CPU
		{44CEE05F-7E7F-4806-98DA-07706384F8C2}.Debug|x86.ActiveCfg = Debug|Any CPU
		{44CEE05F-7E7F-4806-98DA-07706384F8C2}.Debug|x86.Build.0 = Debug|Any CPU
		{44CEE05F-7E7F-4806-98DA-07706384F8C2}.Release|Any CPU.ActiveCfg = Release|Any CPU
		{44CEE05F-7E7F-4806-98DA-07706384F8C2}.Release|Any CPU.Build.0 = Release|Any CPU
		{44CEE05F-7E7F-4806-98DA-07706384F8C2}.Release|x64.ActiveCfg = Release|Any CPU
		{44CEE05F-7E7F-4806-98DA-07706384F8C2}.Release|x64.Build.0 = Release|Any CPU
		{44CEE05F-7E7F-4806-98DA-07706384F8C2}.Release|x86.ActiveCfg = Release|Any CPU
		{44CEE05F-7E7F-4806-98DA-07706384F8C2}.Release|x86.Build.0 = Release|Any CPU
	EndGlobalSection
	GlobalSection(SolutionProperties) = preSolution
		HideSolutionNode = FALSE
	EndGlobalSection
	GlobalSection(NestedProjects) = preSolution
		{8DB058A9-2E78-4517-AE00-2894ED9D39CA} = {827E0CD3-B72D-47B6-A68D-7590B98EB39B}
		{3BFA2946-FE6C-4CBF-ACDA-6F32759B823A} = {827E0CD3-B72D-47B6-A68D-7590B98EB39B}
		{B9029C17-4766-4FFF-B964-5BD0817F12FB} = {827E0CD3-B72D-47B6-A68D-7590B98EB39B}
		{44CEE05F-7E7F-4806-98DA-07706384F8C2} = {0AB3BF05-4346-4AA6-1389-037BE0695223}
	EndGlobalSection
EndGlobal
